// !$*UTF8*$!
{
	archiveVersion = 1;
	classes = {
	};
	objectVersion = 46;
	objects = {

/* Begin PBXBuildFile section */
		7400584D1F11379A0037E7ED /* FeltPen.framework in Frameworks */ = {isa = PBXBuildFile; fileRef = 740058441F11379A0037E7ED /* FeltPen.framework */; };
		740058541F11379A0037E7ED /* FeltPen.h in Headers */ = {isa = PBXBuildFile; fileRef = 740058461F11379A0037E7ED /* FeltPen.h */; settings = {ATTRIBUTES = (Public, ); }; };
		7400585E1F1137C30037E7ED /* Detector.swift in Sources */ = {isa = PBXBuildFile; fileRef = 7400585B1F1137C30037E7ED /* Detector.swift */; };
		7400585F1F1137C30037E7ED /* DetectorAttribute.swift in Sources */ = {isa = PBXBuildFile; fileRef = 7400585C1F1137C30037E7ED /* DetectorAttribute.swift */; };
		740058601F1137C30037E7ED /* WrappersDetector.swift in Sources */ = {isa = PBXBuildFile; fileRef = 7400585D1F1137C30037E7ED /* WrappersDetector.swift */; };
		740058641F1137D70037E7ED /* WrappersDetectorTests.swift in Sources */ = {isa = PBXBuildFile; fileRef = 740058621F1137D70037E7ED /* WrappersDetectorTests.swift */; };
		740CD0DB1F155EEB0030D23A /* UrlDetector.swift in Sources */ = {isa = PBXBuildFile; fileRef = 740CD0DA1F155EEB0030D23A /* UrlDetector.swift */; };
		7414EFB21F113E7F0042240D /* WrappersDetectorSearchingItemTests.swift in Sources */ = {isa = PBXBuildFile; fileRef = 740058611F1137D70037E7ED /* WrappersDetectorSearchingItemTests.swift */; };
		74179F3A1F83D77300F7ED0D /* DecoratorTests.swift in Sources */ = {isa = PBXBuildFile; fileRef = 74179F391F83D77300F7ED0D /* DecoratorTests.swift */; };
		74179F3C1F83E59500F7ED0D /* UIFont+FeltPen.swift in Sources */ = {isa = PBXBuildFile; fileRef = 74179F3B1F83E59500F7ED0D /* UIFont+FeltPen.swift */; };
		742F471D1F7A8C2200827DF9 /* MentionDetectorTests.swift in Sources */ = {isa = PBXBuildFile; fileRef = 742F471C1F7A8C2200827DF9 /* MentionDetectorTests.swift */; };
		74507B001F683A6E00B94D02 /* NSRange+FeltPenTests.swift in Sources */ = {isa = PBXBuildFile; fileRef = 74507AFF1F683A6E00B94D02 /* NSRange+FeltPenTests.swift */; };
		745750BF1F1573F900D8AA4B /* UrlDetectorTests.swift in Sources */ = {isa = PBXBuildFile; fileRef = 745750BE1F1573F900D8AA4B /* UrlDetectorTests.swift */; };
		745A25EC1F7A521100883168 /* BlockDetector.swift in Sources */ = {isa = PBXBuildFile; fileRef = 745A25EB1F7A521100883168 /* BlockDetector.swift */; };
		745A25EE1F7A6D8500883168 /* BlockDetectorTests.swift in Sources */ = {isa = PBXBuildFile; fileRef = 745A25ED1F7A6D8500883168 /* BlockDetectorTests.swift */; };
		745A25F01F7A7B4800883168 /* MentionDetector.swift in Sources */ = {isa = PBXBuildFile; fileRef = 745A25EF1F7A7B4800883168 /* MentionDetector.swift */; };
		746B390B1F7BB0C50077F03D /* Extensions.swift in Sources */ = {isa = PBXBuildFile; fileRef = 746B390A1F7BB0C50077F03D /* Extensions.swift */; };
		746B390D1F7BD3210077F03D /* Decorator.swift in Sources */ = {isa = PBXBuildFile; fileRef = 746B390C1F7BD3210077F03D /* Decorator.swift */; };
		747F90F71F67D9C500331636 /* NSTextCheckingResult+FeltPen.swift in Sources */ = {isa = PBXBuildFile; fileRef = 747F90F61F67D9C500331636 /* NSTextCheckingResult+FeltPen.swift */; };
		74C39C8C1F692A4E0088020F /* NSRange+FeltPen.swift in Sources */ = {isa = PBXBuildFile; fileRef = 74C39C8B1F692A4E0088020F /* NSRange+FeltPen.swift */; };
		74DE72D91F75567100F58B77 /* UrlDetector+ConfigDomains.swift in Sources */ = {isa = PBXBuildFile; fileRef = 74DE72D81F75567100F58B77 /* UrlDetector+ConfigDomains.swift */; };
		74F395081F7113C50082D52F /* NSAttributedString+FeltPen.swift in Sources */ = {isa = PBXBuildFile; fileRef = 74F395071F7113C50082D52F /* NSAttributedString+FeltPen.swift */; };
		74F3950E1F7144C90082D52F /* URLRegularExpressionPart.swift in Sources */ = {isa = PBXBuildFile; fileRef = 74F3950D1F7144C90082D52F /* URLRegularExpressionPart.swift */; };
		74F395101F7157710082D52F /* LinkExpect.swift in Sources */ = {isa = PBXBuildFile; fileRef = 74F3950F1F7157710082D52F /* LinkExpect.swift */; };
		74F3D0211F141B26002C571B /* SampleText.txt in Resources */ = {isa = PBXBuildFile; fileRef = 74F3D0201F141B26002C571B /* SampleText.txt */; };
/* End PBXBuildFile section */

/* Begin PBXContainerItemProxy section */
		7400584E1F11379A0037E7ED /* PBXContainerItemProxy */ = {
			isa = PBXContainerItemProxy;
			containerPortal = 740058141F1137550037E7ED /* Project object */;
			proxyType = 1;
			remoteGlobalIDString = 740058431F11379A0037E7ED;
			remoteInfo = FeltPen;
		};
/* End PBXContainerItemProxy section */

/* Begin PBXFileReference section */
		740058441F11379A0037E7ED /* FeltPen.framework */ = {isa = PBXFileReference; explicitFileType = wrapper.framework; includeInIndex = 0; path = FeltPen.framework; sourceTree = BUILT_PRODUCTS_DIR; };
		740058461F11379A0037E7ED /* FeltPen.h */ = {isa = PBXFileReference; lastKnownFileType = sourcecode.c.h; path = FeltPen.h; sourceTree = "<group>"; };
		740058471F11379A0037E7ED /* Info.plist */ = {isa = PBXFileReference; lastKnownFileType = text.plist.xml; path = Info.plist; sourceTree = "<group>"; };
		7400584C1F11379A0037E7ED /* FeltPenTests.xctest */ = {isa = PBXFileReference; explicitFileType = wrapper.cfbundle; includeInIndex = 0; path = FeltPenTests.xctest; sourceTree = BUILT_PRODUCTS_DIR; };
		740058531F11379A0037E7ED /* Info.plist */ = {isa = PBXFileReference; lastKnownFileType = text.plist.xml; path = Info.plist; sourceTree = "<group>"; };
		7400585B1F1137C30037E7ED /* Detector.swift */ = {isa = PBXFileReference; fileEncoding = 4; lastKnownFileType = sourcecode.swift; path = Detector.swift; sourceTree = "<group>"; };
		7400585C1F1137C30037E7ED /* DetectorAttribute.swift */ = {isa = PBXFileReference; fileEncoding = 4; lastKnownFileType = sourcecode.swift; path = DetectorAttribute.swift; sourceTree = "<group>"; };
		7400585D1F1137C30037E7ED /* WrappersDetector.swift */ = {isa = PBXFileReference; fileEncoding = 4; lastKnownFileType = sourcecode.swift; path = WrappersDetector.swift; sourceTree = "<group>"; };
		740058611F1137D70037E7ED /* WrappersDetectorSearchingItemTests.swift */ = {isa = PBXFileReference; fileEncoding = 4; lastKnownFileType = sourcecode.swift; path = WrappersDetectorSearchingItemTests.swift; sourceTree = "<group>"; };
		740058621F1137D70037E7ED /* WrappersDetectorTests.swift */ = {isa = PBXFileReference; fileEncoding = 4; lastKnownFileType = sourcecode.swift; path = WrappersDetectorTests.swift; sourceTree = "<group>"; };
		740CD0DA1F155EEB0030D23A /* UrlDetector.swift */ = {isa = PBXFileReference; fileEncoding = 4; lastKnownFileType = sourcecode.swift; path = UrlDetector.swift; sourceTree = "<group>"; };
		74179F391F83D77300F7ED0D /* DecoratorTests.swift */ = {isa = PBXFileReference; lastKnownFileType = sourcecode.swift; path = DecoratorTests.swift; sourceTree = "<group>"; };
		74179F3B1F83E59500F7ED0D /* UIFont+FeltPen.swift */ = {isa = PBXFileReference; lastKnownFileType = sourcecode.swift; path = "UIFont+FeltPen.swift"; sourceTree = "<group>"; };
		742F471C1F7A8C2200827DF9 /* MentionDetectorTests.swift */ = {isa = PBXFileReference; lastKnownFileType = sourcecode.swift; path = MentionDetectorTests.swift; sourceTree = "<group>"; };
		74507AFF1F683A6E00B94D02 /* NSRange+FeltPenTests.swift */ = {isa = PBXFileReference; fileEncoding = 4; lastKnownFileType = sourcecode.swift; path = "NSRange+FeltPenTests.swift"; sourceTree = "<group>"; };
		745750BE1F1573F900D8AA4B /* UrlDetectorTests.swift */ = {isa = PBXFileReference; fileEncoding = 4; lastKnownFileType = sourcecode.swift; path = UrlDetectorTests.swift; sourceTree = "<group>"; };
		745A25EB1F7A521100883168 /* BlockDetector.swift */ = {isa = PBXFileReference; lastKnownFileType = sourcecode.swift; path = BlockDetector.swift; sourceTree = "<group>"; };
		745A25ED1F7A6D8500883168 /* BlockDetectorTests.swift */ = {isa = PBXFileReference; lastKnownFileType = sourcecode.swift; path = BlockDetectorTests.swift; sourceTree = "<group>"; };
		745A25EF1F7A7B4800883168 /* MentionDetector.swift */ = {isa = PBXFileReference; lastKnownFileType = sourcecode.swift; path = MentionDetector.swift; sourceTree = "<group>"; };
		746B390A1F7BB0C50077F03D /* Extensions.swift */ = {isa = PBXFileReference; lastKnownFileType = sourcecode.swift; path = Extensions.swift; sourceTree = "<group>"; };
		746B390C1F7BD3210077F03D /* Decorator.swift */ = {isa = PBXFileReference; lastKnownFileType = sourcecode.swift; path = Decorator.swift; sourceTree = "<group>"; };
		747F90F61F67D9C500331636 /* NSTextCheckingResult+FeltPen.swift */ = {isa = PBXFileReference; fileEncoding = 4; lastKnownFileType = sourcecode.swift; path = "NSTextCheckingResult+FeltPen.swift"; sourceTree = "<group>"; };
		74A3C9A81F11604E00CD4EFF /* Regexps.playground */ = {isa = PBXFileReference; lastKnownFileType = file.playground; path = Regexps.playground; sourceTree = "<group>"; };
		74C39C8B1F692A4E0088020F /* NSRange+FeltPen.swift */ = {isa = PBXFileReference; fileEncoding = 4; lastKnownFileType = sourcecode.swift; path = "NSRange+FeltPen.swift"; sourceTree = "<group>"; };
		74DE72D81F75567100F58B77 /* UrlDetector+ConfigDomains.swift */ = {isa = PBXFileReference; lastKnownFileType = sourcecode.swift; path = "UrlDetector+ConfigDomains.swift"; sourceTree = "<group>"; };
		74F395071F7113C50082D52F /* NSAttributedString+FeltPen.swift */ = {isa = PBXFileReference; fileEncoding = 4; lastKnownFileType = sourcecode.swift; path = "NSAttributedString+FeltPen.swift"; sourceTree = "<group>"; };
		74F3950D1F7144C90082D52F /* URLRegularExpressionPart.swift */ = {isa = PBXFileReference; fileEncoding = 4; lastKnownFileType = sourcecode.swift; path = URLRegularExpressionPart.swift; sourceTree = "<group>"; };
		74F3950F1F7157710082D52F /* LinkExpect.swift */ = {isa = PBXFileReference; fileEncoding = 4; lastKnownFileType = sourcecode.swift; path = LinkExpect.swift; sourceTree = "<group>"; };
		74F3D0201F141B26002C571B /* SampleText.txt */ = {isa = PBXFileReference; fileEncoding = 4; lastKnownFileType = text; path = SampleText.txt; sourceTree = "<group>"; };
/* End PBXFileReference section */

/* Begin PBXFrameworksBuildPhase section */
		740058401F11379A0037E7ED /* Frameworks */ = {
			isa = PBXFrameworksBuildPhase;
			buildActionMask = 2147483647;
			files = (
			);
			runOnlyForDeploymentPostprocessing = 0;
		};
		740058491F11379A0037E7ED /* Frameworks */ = {
			isa = PBXFrameworksBuildPhase;
			buildActionMask = 2147483647;
			files = (
				7400584D1F11379A0037E7ED /* FeltPen.framework in Frameworks */,
			);
			runOnlyForDeploymentPostprocessing = 0;
		};
/* End PBXFrameworksBuildPhase section */

/* Begin PBXGroup section */
		740058131F1137550037E7ED = {
			isa = PBXGroup;
			children = (
				740058451F11379A0037E7ED /* FeltPen */,
				740058501F11379A0037E7ED /* FeltPenTests */,
				7400581D1F1137550037E7ED /* Products */,
			);
			sourceTree = "<group>";
		};
		7400581D1F1137550037E7ED /* Products */ = {
			isa = PBXGroup;
			children = (
				740058441F11379A0037E7ED /* FeltPen.framework */,
				7400584C1F11379A0037E7ED /* FeltPenTests.xctest */,
			);
			name = Products;
			sourceTree = "<group>";
		};
		740058451F11379A0037E7ED /* FeltPen */ = {
			isa = PBXGroup;
			children = (
				7400585B1F1137C30037E7ED /* Detector.swift */,
				7400585C1F1137C30037E7ED /* DetectorAttribute.swift */,
				746B390C1F7BD3210077F03D /* Decorator.swift */,
				7400585D1F1137C30037E7ED /* WrappersDetector.swift */,
				740CD0DA1F155EEB0030D23A /* UrlDetector.swift */,
				745A25EF1F7A7B4800883168 /* MentionDetector.swift */,
				745A25EB1F7A521100883168 /* BlockDetector.swift */,
				74DE72D81F75567100F58B77 /* UrlDetector+ConfigDomains.swift */,
				74F3950D1F7144C90082D52F /* URLRegularExpressionPart.swift */,
				747F90F61F67D9C500331636 /* NSTextCheckingResult+FeltPen.swift */,
				74C39C8B1F692A4E0088020F /* NSRange+FeltPen.swift */,
				74F395071F7113C50082D52F /* NSAttributedString+FeltPen.swift */,
				74179F3B1F83E59500F7ED0D /* UIFont+FeltPen.swift */,
				740058461F11379A0037E7ED /* FeltPen.h */,
				740058471F11379A0037E7ED /* Info.plist */,
			);
			path = FeltPen;
			sourceTree = "<group>";
		};
		740058501F11379A0037E7ED /* FeltPenTests */ = {
			isa = PBXGroup;
			children = (
				74F3D01F1F141B1A002C571B /* Resources */,
				740058611F1137D70037E7ED /* WrappersDetectorSearchingItemTests.swift */,
				740058621F1137D70037E7ED /* WrappersDetectorTests.swift */,
				745750BE1F1573F900D8AA4B /* UrlDetectorTests.swift */,
				74F3950F1F7157710082D52F /* LinkExpect.swift */,
				746B390A1F7BB0C50077F03D /* Extensions.swift */,
				74507AFF1F683A6E00B94D02 /* NSRange+FeltPenTests.swift */,
				742F471C1F7A8C2200827DF9 /* MentionDetectorTests.swift */,
				74179F391F83D77300F7ED0D /* DecoratorTests.swift */,
				740058531F11379A0037E7ED /* Info.plist */,
				74A3C9A81F11604E00CD4EFF /* Regexps.playground */,
				745A25ED1F7A6D8500883168 /* BlockDetectorTests.swift */,
			);
			path = FeltPenTests;
			sourceTree = "<group>";
		};
		74F3D01F1F141B1A002C571B /* Resources */ = {
			isa = PBXGroup;
			children = (
				74F3D0201F141B26002C571B /* SampleText.txt */,
			);
			path = Resources;
			sourceTree = "<group>";
		};
/* End PBXGroup section */

/* Begin PBXHeadersBuildPhase section */
		740058411F11379A0037E7ED /* Headers */ = {
			isa = PBXHeadersBuildPhase;
			buildActionMask = 2147483647;
			files = (
				740058541F11379A0037E7ED /* FeltPen.h in Headers */,
			);
			runOnlyForDeploymentPostprocessing = 0;
		};
/* End PBXHeadersBuildPhase section */

/* Begin PBXNativeTarget section */
		740058431F11379A0037E7ED /* FeltPen */ = {
			isa = PBXNativeTarget;
			buildConfigurationList = 740058551F11379A0037E7ED /* Build configuration list for PBXNativeTarget "FeltPen" */;
			buildPhases = (
				7400583F1F11379A0037E7ED /* Sources */,
				740058401F11379A0037E7ED /* Frameworks */,
				740058411F11379A0037E7ED /* Headers */,
				740058421F11379A0037E7ED /* Resources */,
			);
			buildRules = (
			);
			dependencies = (
			);
			name = FeltPen;
			productName = FeltPen;
			productReference = 740058441F11379A0037E7ED /* FeltPen.framework */;
			productType = "com.apple.product-type.framework";
		};
		7400584B1F11379A0037E7ED /* FeltPenTests */ = {
			isa = PBXNativeTarget;
			buildConfigurationList = 740058581F11379A0037E7ED /* Build configuration list for PBXNativeTarget "FeltPenTests" */;
			buildPhases = (
				740058481F11379A0037E7ED /* Sources */,
				740058491F11379A0037E7ED /* Frameworks */,
				7400584A1F11379A0037E7ED /* Resources */,
			);
			buildRules = (
			);
			dependencies = (
				7400584F1F11379A0037E7ED /* PBXTargetDependency */,
			);
			name = FeltPenTests;
			productName = FeltPenTests;
			productReference = 7400584C1F11379A0037E7ED /* FeltPenTests.xctest */;
			productType = "com.apple.product-type.bundle.unit-test";
		};
/* End PBXNativeTarget section */

/* Begin PBXProject section */
		740058141F1137550037E7ED /* Project object */ = {
			isa = PBXProject;
			attributes = {
				LastSwiftUpdateCheck = 0830;
				LastUpgradeCheck = 0830;
				ORGANIZATIONNAME = "Aleksei Gordeev";
				TargetAttributes = {
					740058431F11379A0037E7ED = {
						CreatedOnToolsVersion = 8.3.3;
						DevelopmentTeam = E9NX44V4VR;
						LastSwiftMigration = 0830;
						ProvisioningStyle = Automatic;
					};
					7400584B1F11379A0037E7ED = {
						CreatedOnToolsVersion = 8.3.3;
						DevelopmentTeam = E9NX44V4VR;
						ProvisioningStyle = Automatic;
					};
				};
			};
			buildConfigurationList = 740058171F1137550037E7ED /* Build configuration list for PBXProject "FeltPen" */;
			compatibilityVersion = "Xcode 3.2";
			developmentRegion = English;
			hasScannedForEncodings = 0;
			knownRegions = (
				en,
				Base,
			);
			mainGroup = 740058131F1137550037E7ED;
			productRefGroup = 7400581D1F1137550037E7ED /* Products */;
			projectDirPath = "";
			projectRoot = "";
			targets = (
				740058431F11379A0037E7ED /* FeltPen */,
				7400584B1F11379A0037E7ED /* FeltPenTests */,
			);
		};
/* End PBXProject section */

/* Begin PBXResourcesBuildPhase section */
		740058421F11379A0037E7ED /* Resources */ = {
			isa = PBXResourcesBuildPhase;
			buildActionMask = 2147483647;
			files = (
			);
			runOnlyForDeploymentPostprocessing = 0;
		};
		7400584A1F11379A0037E7ED /* Resources */ = {
			isa = PBXResourcesBuildPhase;
			buildActionMask = 2147483647;
			files = (
				74F3D0211F141B26002C571B /* SampleText.txt in Resources */,
			);
			runOnlyForDeploymentPostprocessing = 0;
		};
/* End PBXResourcesBuildPhase section */

/* Begin PBXSourcesBuildPhase section */
		7400583F1F11379A0037E7ED /* Sources */ = {
			isa = PBXSourcesBuildPhase;
			buildActionMask = 2147483647;
			files = (
				74F395081F7113C50082D52F /* NSAttributedString+FeltPen.swift in Sources */,
				74F3950E1F7144C90082D52F /* URLRegularExpressionPart.swift in Sources */,
				745A25F01F7A7B4800883168 /* MentionDetector.swift in Sources */,
				7400585F1F1137C30037E7ED /* DetectorAttribute.swift in Sources */,
				74179F3C1F83E59500F7ED0D /* UIFont+FeltPen.swift in Sources */,
				747F90F71F67D9C500331636 /* NSTextCheckingResult+FeltPen.swift in Sources */,
				746B390D1F7BD3210077F03D /* Decorator.swift in Sources */,
				740CD0DB1F155EEB0030D23A /* UrlDetector.swift in Sources */,
				745A25EC1F7A521100883168 /* BlockDetector.swift in Sources */,
				740058601F1137C30037E7ED /* WrappersDetector.swift in Sources */,
				74DE72D91F75567100F58B77 /* UrlDetector+ConfigDomains.swift in Sources */,
				7400585E1F1137C30037E7ED /* Detector.swift in Sources */,
				74C39C8C1F692A4E0088020F /* NSRange+FeltPen.swift in Sources */,
			);
			runOnlyForDeploymentPostprocessing = 0;
		};
		740058481F11379A0037E7ED /* Sources */ = {
			isa = PBXSourcesBuildPhase;
			buildActionMask = 2147483647;
			files = (
				74F395101F7157710082D52F /* LinkExpect.swift in Sources */,
				740058641F1137D70037E7ED /* WrappersDetectorTests.swift in Sources */,
				74179F3A1F83D77300F7ED0D /* DecoratorTests.swift in Sources */,
				7414EFB21F113E7F0042240D /* WrappersDetectorSearchingItemTests.swift in Sources */,
				746B390B1F7BB0C50077F03D /* Extensions.swift in Sources */,
				742F471D1F7A8C2200827DF9 /* MentionDetectorTests.swift in Sources */,
				745750BF1F1573F900D8AA4B /* UrlDetectorTests.swift in Sources */,
				74507B001F683A6E00B94D02 /* NSRange+FeltPenTests.swift in Sources */,
				745A25EE1F7A6D8500883168 /* BlockDetectorTests.swift in Sources */,
			);
			runOnlyForDeploymentPostprocessing = 0;
		};
/* End PBXSourcesBuildPhase section */

/* Begin PBXTargetDependency section */
		7400584F1F11379A0037E7ED /* PBXTargetDependency */ = {
			isa = PBXTargetDependency;
			target = 740058431F11379A0037E7ED /* FeltPen */;
			targetProxy = 7400584E1F11379A0037E7ED /* PBXContainerItemProxy */;
		};
/* End PBXTargetDependency section */

/* Begin XCBuildConfiguration section */
		740058371F1137550037E7ED /* Debug */ = {
			isa = XCBuildConfiguration;
			buildSettings = {
				ALWAYS_SEARCH_USER_PATHS = NO;
				CLANG_ANALYZER_NONNULL = YES;
				CLANG_ANALYZER_NUMBER_OBJECT_CONVERSION = YES_AGGRESSIVE;
				CLANG_CXX_LANGUAGE_STANDARD = "gnu++0x";
				CLANG_CXX_LIBRARY = "libc++";
				CLANG_ENABLE_MODULES = YES;
				CLANG_ENABLE_OBJC_ARC = YES;
				CLANG_WARN_BOOL_CONVERSION = YES;
				CLANG_WARN_CONSTANT_CONVERSION = YES;
				CLANG_WARN_DIRECT_OBJC_ISA_USAGE = YES_ERROR;
				CLANG_WARN_DOCUMENTATION_COMMENTS = YES;
				CLANG_WARN_EMPTY_BODY = YES;
				CLANG_WARN_ENUM_CONVERSION = YES;
				CLANG_WARN_INFINITE_RECURSION = YES;
				CLANG_WARN_INT_CONVERSION = YES;
				CLANG_WARN_OBJC_ROOT_CLASS = YES_ERROR;
				CLANG_WARN_SUSPICIOUS_MOVE = YES;
				CLANG_WARN_UNREACHABLE_CODE = YES;
				CLANG_WARN__DUPLICATE_METHOD_MATCH = YES;
				"CODE_SIGN_IDENTITY[sdk=iphoneos*]" = "iPhone Developer";
				COPY_PHASE_STRIP = NO;
				DEBUG_INFORMATION_FORMAT = dwarf;
				ENABLE_STRICT_OBJC_MSGSEND = YES;
				ENABLE_TESTABILITY = YES;
				GCC_C_LANGUAGE_STANDARD = gnu99;
				GCC_DYNAMIC_NO_PIC = NO;
				GCC_NO_COMMON_BLOCKS = YES;
				GCC_OPTIMIZATION_LEVEL = 0;
				GCC_PREPROCESSOR_DEFINITIONS = (
					"DEBUG=1",
					"$(inherited)",
				);
				GCC_WARN_64_TO_32_BIT_CONVERSION = YES;
				GCC_WARN_ABOUT_RETURN_TYPE = YES_ERROR;
				GCC_WARN_UNDECLARED_SELECTOR = YES;
				GCC_WARN_UNINITIALIZED_AUTOS = YES_AGGRESSIVE;
				GCC_WARN_UNUSED_FUNCTION = YES;
				GCC_WARN_UNUSED_VARIABLE = YES;
				IPHONEOS_DEPLOYMENT_TARGET = 10.3;
				MTL_ENABLE_DEBUG_INFO = YES;
				ONLY_ACTIVE_ARCH = YES;
				SDKROOT = iphoneos;
				SWIFT_ACTIVE_COMPILATION_CONDITIONS = DEBUG;
				SWIFT_OPTIMIZATION_LEVEL = "-Onone";
				SWIFT_VERSION = 3.0;
			};
			name = Debug;
		};
		740058381F1137550037E7ED /* Release */ = {
			isa = XCBuildConfiguration;
			buildSettings = {
				ALWAYS_SEARCH_USER_PATHS = NO;
				CLANG_ANALYZER_NONNULL = YES;
				CLANG_ANALYZER_NUMBER_OBJECT_CONVERSION = YES_AGGRESSIVE;
				CLANG_CXX_LANGUAGE_STANDARD = "gnu++0x";
				CLANG_CXX_LIBRARY = "libc++";
				CLANG_ENABLE_MODULES = YES;
				CLANG_ENABLE_OBJC_ARC = YES;
				CLANG_WARN_BOOL_CONVERSION = YES;
				CLANG_WARN_CONSTANT_CONVERSION = YES;
				CLANG_WARN_DIRECT_OBJC_ISA_USAGE = YES_ERROR;
				CLANG_WARN_DOCUMENTATION_COMMENTS = YES;
				CLANG_WARN_EMPTY_BODY = YES;
				CLANG_WARN_ENUM_CONVERSION = YES;
				CLANG_WARN_INFINITE_RECURSION = YES;
				CLANG_WARN_INT_CONVERSION = YES;
				CLANG_WARN_OBJC_ROOT_CLASS = YES_ERROR;
				CLANG_WARN_SUSPICIOUS_MOVE = YES;
				CLANG_WARN_UNREACHABLE_CODE = YES;
				CLANG_WARN__DUPLICATE_METHOD_MATCH = YES;
				"CODE_SIGN_IDENTITY[sdk=iphoneos*]" = "iPhone Developer";
				COPY_PHASE_STRIP = NO;
				DEBUG_INFORMATION_FORMAT = "dwarf-with-dsym";
				ENABLE_NS_ASSERTIONS = NO;
				ENABLE_STRICT_OBJC_MSGSEND = YES;
				GCC_C_LANGUAGE_STANDARD = gnu99;
				GCC_NO_COMMON_BLOCKS = YES;
				GCC_WARN_64_TO_32_BIT_CONVERSION = YES;
				GCC_WARN_ABOUT_RETURN_TYPE = YES_ERROR;
				GCC_WARN_UNDECLARED_SELECTOR = YES;
				GCC_WARN_UNINITIALIZED_AUTOS = YES_AGGRESSIVE;
				GCC_WARN_UNUSED_FUNCTION = YES;
				GCC_WARN_UNUSED_VARIABLE = YES;
				IPHONEOS_DEPLOYMENT_TARGET = 10.3;
				MTL_ENABLE_DEBUG_INFO = NO;
				SDKROOT = iphoneos;
				SWIFT_OPTIMIZATION_LEVEL = "-Owholemodule";
				SWIFT_VERSION = 3.0;
				VALIDATE_PRODUCT = YES;
			};
			name = Release;
		};
		740058561F11379A0037E7ED /* Debug */ = {
			isa = XCBuildConfiguration;
			buildSettings = {
				CLANG_ENABLE_MODULES = YES;
				CODE_SIGN_IDENTITY = "";
				CURRENT_PROJECT_VERSION = 1;
				DEFINES_MODULE = YES;
				DEVELOPMENT_TEAM = E9NX44V4VR;
				DYLIB_COMPATIBILITY_VERSION = 1;
				DYLIB_CURRENT_VERSION = 1;
				DYLIB_INSTALL_NAME_BASE = "@rpath";
				INFOPLIST_FILE = FeltPen/Info.plist;
				INSTALL_PATH = "$(LOCAL_LIBRARY_DIR)/Frameworks";
				LD_RUNPATH_SEARCH_PATHS = "$(inherited) @executable_path/Frameworks @loader_path/Frameworks";
				PRODUCT_BUNDLE_IDENTIFIER = com.vladlex.FeltPen;
				PRODUCT_NAME = "$(TARGET_NAME)";
				SKIP_INSTALL = YES;
				SWIFT_OPTIMIZATION_LEVEL = "-Onone";
				SWIFT_VERSION = 3.0;
				TARGETED_DEVICE_FAMILY = "1,2";
				VERSIONING_SYSTEM = "apple-generic";
				VERSION_INFO_PREFIX = "";
			};
			name = Debug;
		};
		740058571F11379A0037E7ED /* Release */ = {
			isa = XCBuildConfiguration;
			buildSettings = {
				CLANG_ENABLE_MODULES = YES;
				CODE_SIGN_IDENTITY = "";
				CURRENT_PROJECT_VERSION = 1;
				DEFINES_MODULE = YES;
				DEVELOPMENT_TEAM = E9NX44V4VR;
				DYLIB_COMPATIBILITY_VERSION = 1;
				DYLIB_CURRENT_VERSION = 1;
				DYLIB_INSTALL_NAME_BASE = "@rpath";
				INFOPLIST_FILE = FeltPen/Info.plist;
				INSTALL_PATH = "$(LOCAL_LIBRARY_DIR)/Frameworks";
				LD_RUNPATH_SEARCH_PATHS = "$(inherited) @executable_path/Frameworks @loader_path/Frameworks";
				PRODUCT_BUNDLE_IDENTIFIER = com.vladlex.FeltPen;
				PRODUCT_NAME = "$(TARGET_NAME)";
				SKIP_INSTALL = YES;
				SWIFT_VERSION = 3.0;
				TARGETED_DEVICE_FAMILY = "1,2";
				VERSIONING_SYSTEM = "apple-generic";
				VERSION_INFO_PREFIX = "";
			};
			name = Release;
		};
		740058591F11379A0037E7ED /* Debug */ = {
			isa = XCBuildConfiguration;
			buildSettings = {
				ALWAYS_EMBED_SWIFT_STANDARD_LIBRARIES = YES;
				DEVELOPMENT_TEAM = E9NX44V4VR;
				INFOPLIST_FILE = FeltPenTests/Info.plist;
				LD_RUNPATH_SEARCH_PATHS = "$(inherited) @executable_path/Frameworks @loader_path/Frameworks";
				PRODUCT_BUNDLE_IDENTIFIER = com.vladlex.FeltPenTests;
				PRODUCT_NAME = "$(TARGET_NAME)";
				SWIFT_VERSION = 3.0;
			};
			name = Debug;
		};
		7400585A1F11379A0037E7ED /* Release */ = {
			isa = XCBuildConfiguration;
			buildSettings = {
				ALWAYS_EMBED_SWIFT_STANDARD_LIBRARIES = YES;
				DEVELOPMENT_TEAM = E9NX44V4VR;
				INFOPLIST_FILE = FeltPenTests/Info.plist;
				LD_RUNPATH_SEARCH_PATHS = "$(inherited) @executable_path/Frameworks @loader_path/Frameworks";
				PRODUCT_BUNDLE_IDENTIFIER = com.vladlex.FeltPenTests;
				PRODUCT_NAME = "$(TARGET_NAME)";
				SWIFT_VERSION = 3.0;
			};
			name = Release;
		};
/* End XCBuildConfiguration section */

/* Begin XCConfigurationList section */
		740058171F1137550037E7ED /* Build configuration list for PBXProject "FeltPen" */ = {
			isa = XCConfigurationList;
			buildConfigurations = (
				740058371F1137550037E7ED /* Debug */,
				740058381F1137550037E7ED /* Release */,
			);
			defaultConfigurationIsVisible = 0;
			defaultConfigurationName = Release;
		};
		740058551F11379A0037E7ED /* Build configuration list for PBXNativeTarget "FeltPen" */ = {
			isa = XCConfigurationList;
			buildConfigurations = (
				740058561F11379A0037E7ED /* Debug */,
				740058571F11379A0037E7ED /* Release */,
			);
			defaultConfigurationIsVisible = 0;
			defaultConfigurationName = Release;
		};
		740058581F11379A0037E7ED /* Build configuration list for PBXNativeTarget "FeltPenTests" */ = {
			isa = XCConfigurationList;
			buildConfigurations = (
				740058591F11379A0037E7ED /* Debug */,
				7400585A1F11379A0037E7ED /* Release */,
			);
			defaultConfigurationIsVisible = 0;
			defaultConfigurationName = Release;
		};
/* End XCConfigurationList section */
	};
	rootObject = 740058141F1137550037E7ED /* Project object */;
}
